
Microsoft Visual Studio Solution File, Format Version 12.00
# Visual Studio Version 16
VisualStudioVersion = 16.0.30225.117
MinimumVisualStudioVersion = 10.0.40219.1
Project("{FAE04EC0-301F-11D3-BF4B-00C04F79EFBC}") = "Exceptions_001", "Exceptions_001\Exceptions_001.csproj", "{59EC85B6-F4E8-4DE6-94DD-765B83022C09}"
EndProject
Project("{FAE04EC0-301F-11D3-BF4B-00C04F79EFBC}") = "Exceptions_002", "Exceptions_002\Exceptions_002.csproj", "{CBB8EC21-32FF-4250-9851-96CD20ECEDFE}"
EndProject
Project("{FAE04EC0-301F-11D3-BF4B-00C04F79EFBC}") = "Exceptions_003", "Exceptions_003\Exceptions_003.csproj", "{6F880CE2-3895-4C2E-92F3-8523C8EBE5A9}"
EndProject
Global
	GlobalSection(SolutionConfigurationPlatforms) = preSolution
		Debug|Any CPU = Debug|Any CPU
		Release|Any CPU = Release|Any CPU
	EndGlobalSection
	GlobalSection(ProjectConfigurationPlatforms) = postSolution
		{59EC85B6-F4E8-4DE6-94DD-765B83022C09}.Debug|Any CPU.ActiveCfg = Debug|Any CPU
		{59EC85B6-F4E8-4DE6-94DD-765B83022C09}.Debug|Any CPU.Build.0 = Debug|Any CPU
		{59EC85B6-F4E8-4DE6-94DD-765B83022C09}.Release|Any CPU.ActiveCfg = Release|Any CPU
		{59EC85B6-F4E8-4DE6-94DD-765B83022C09}.Release|Any CPU.Build.0 = Release|Any CPU
		{CBB8EC21-32FF-4250-9851-96CD20ECEDFE}.Debug|Any CPU.ActiveCfg = Debug|Any CPU
		{CBB8EC21-32FF-4250-9851-96CD20ECEDFE}.Debug|Any CPU.Build.0 = Debug|Any CPU
		{CBB8EC21-32FF-4250-9851-96CD20ECEDFE}.Release|Any CPU.ActiveCfg = Release|Any CPU
		{CBB8EC21-32FF-4250-9851-96CD20ECEDFE}.Release|Any CPU.Build.0 = Release|Any CPU
		{6F880CE2-3895-4C2E-92F3-8523C8EBE5A9}.Debug|Any CPU.ActiveCfg = Debug|Any CPU
		{6F880CE2-3895-4C2E-92F3-8523C8EBE5A9}.Debug|Any CPU.Build.0 = Debug|Any CPU
		{6F880CE2-3895-4C2E-92F3-8523C8EBE5A9}.Release|Any CPU.ActiveCfg = Release|Any CPU
		{6F880CE2-3895-4C2E-92F3-8523C8EBE5A9}.Release|Any CPU.Build.0 = Release|Any CPU
	EndGlobalSection
	GlobalSection(SolutionProperties) = preSolution
		HideSolutionNode = FALSE
	EndGlobalSection
	GlobalSection(ExtensibilityGlobals) = postSolution
		SolutionGuid = {A09F93CC-DD9E-4995-B054-D547AFAFB389}
	EndGlobalSection
EndGlobal
